
Microsoft Visual Studio Solution File, Format Version 12.00
# Visual Studio Version 16
VisualStudioVersion = 16.0.31205.134
MinimumVisualStudioVersion = 10.0.40219.1
Project("{8BC9CEB8-8B4A-11D0-8D11-00A0C91BC942}") = "infix2Postfix", "infix2Postfix\infix2Postfix.vcxproj", "{CC08B068-9F66-4B65-B79C-1755D7796C2D}"
EndProject
Global
	GlobalSection(SolutionConfigurationPlatforms) = preSolution
		Debug|x64 = Debug|x64
		Debug|x86 = Debug|x86
		Release|x64 = Release|x64
		Release|x86 = Release|x86
	EndGlobalSection
	GlobalSection(ProjectConfigurationPlatforms) = postSolution
		{CC08B068-9F66-4B65-B79C-1755D7796C2D}.Debug|x64.ActiveCfg = Debug|x64
		{CC08B068-9F66-4B65-B79C-1755D7796C2D}.Debug|x64.Build.0 = Debug|x64
		{CC08B068-9F66-4B65-B79C-1755D7796C2D}.Debug|x86.ActiveCfg = Debug|Win32
		{CC08B068-9F66-4B65-B79C-1755D7796C2D}.Debug|x86.Build.0 = Debug|Win32
		{CC08B068-9F66-4B65-B79C-1755D7796C2D}.Release|x64.ActiveCfg = Release|x64
		{CC08B068-9F66-4B65-B79C-1755D7796C2D}.Release|x64.Build.0 = Release|x64
		{CC08B068-9F66-4B65-B79C-1755D7796C2D}.Release|x86.ActiveCfg = Release|Win32
		{CC08B068-9F66-4B65-B79C-1755D7796C2D}.Release|x86.Build.0 = Release|Win32
	EndGlobalSection
	GlobalSection(SolutionProperties) = preSolution
		HideSolutionNode = FALSE
	EndGlobalSection
	GlobalSection(ExtensibilityGlobals) = postSolution
		SolutionGuid = {B61FCD20-B074-46AF-AA72-AF18C2D70DF4}
	EndGlobalSection
EndGlobal
